
Microsoft Visual Studio Solution File, Format Version 12.00
# Visual Studio Version 17
VisualStudioVersion = 17.11.35327.3
MinimumVisualStudioVersion = 10.0.40219.1
Project("{FAE04EC0-301F-11D3-BF4B-00C04F79EFBC}") = "frmCatálogo", "TP_Integrador\frmCatálogo.csproj", "{7876B4C9-B2E7-4333-91F6-F4FE9BABD1D6}"
EndProject
Project("{FAE04EC0-301F-11D3-BF4B-00C04F79EFBC}") = "dominio", "dominio\dominio.csproj", "{2CCCA3C0-08B2-4109-816B-49B0F5408D22}"
EndProject
Project("{FAE04EC0-301F-11D3-BF4B-00C04F79EFBC}") = "Negocio", "Negocio\Negocio.csproj", "{37E8B403-28EC-47DA-8950-A844E08B36DF}"
EndProject
Global
	GlobalSection(SolutionConfigurationPlatforms) = preSolution
		Debug|Any CPU = Debug|Any CPU
		Release|Any CPU = Release|Any CPU
	EndGlobalSection
	GlobalSection(ProjectConfigurationPlatforms) = postSolution
		{7876B4C9-B2E7-4333-91F6-F4FE9BABD1D6}.Debug|Any CPU.ActiveCfg = Debug|Any CPU
		{7876B4C9-B2E7-4333-91F6-F4FE9BABD1D6}.Debug|Any CPU.Build.0 = Debug|Any CPU
		{7876B4C9-B2E7-4333-91F6-F4FE9BABD1D6}.Release|Any CPU.ActiveCfg = Release|Any CPU
		{7876B4C9-B2E7-4333-91F6-F4FE9BABD1D6}.Release|Any CPU.Build.0 = Release|Any CPU
		{2CCCA3C0-08B2-4109-816B-49B0F5408D22}.Debug|Any CPU.ActiveCfg = Debug|Any CPU
		{2CCCA3C0-08B2-4109-816B-49B0F5408D22}.Debug|Any CPU.Build.0 = Debug|Any CPU
		{2CCCA3C0-08B2-4109-816B-49B0F5408D22}.Release|Any CPU.ActiveCfg = Release|Any CPU
		{2CCCA3C0-08B2-4109-816B-49B0F5408D22}.Release|Any CPU.Build.0 = Release|Any CPU
		{37E8B403-28EC-47DA-8950-A844E08B36DF}.Debug|Any CPU.ActiveCfg = Debug|Any CPU
		{37E8B403-28EC-47DA-8950-A844E08B36DF}.Debug|Any CPU.Build.0 = Debug|Any CPU
		{37E8B403-28EC-47DA-8950-A844E08B36DF}.Release|Any CPU.ActiveCfg = Release|Any CPU
		{37E8B403-28EC-47DA-8950-A844E08B36DF}.Release|Any CPU.Build.0 = Release|Any CPU
	EndGlobalSection
	GlobalSection(SolutionProperties) = preSolution
		HideSolutionNode = FALSE
	EndGlobalSection
	GlobalSection(ExtensibilityGlobals) = postSolution
		SolutionGuid = {9C7F9131-E5B5-49B7-AEC1-C896EE0920E5}
	EndGlobalSection
EndGlobal
